
Microsoft Visual Studio Solution File, Format Version 12.00
# Visual Studio Version 16
VisualStudioVersion = 16.0.31105.61
MinimumVisualStudioVersion = 10.0.40219.1
Project("{FAE04EC0-301F-11D3-BF4B-00C04F79EFBC}") = "GeneratorHTML", "GeneratorHTML.csproj", "{3D8EACFC-9229-4D02-A614-CCCB4196BC4F}"
EndProject
Global
	GlobalSection(SolutionConfigurationPlatforms) = preSolution
		Debug|Any CPU = Debug|Any CPU
		Release|Any CPU = Release|Any CPU
	EndGlobalSection
	GlobalSection(ProjectConfigurationPlatforms) = postSolution
		{3D8EACFC-9229-4D02-A614-CCCB4196BC4F}.Debug|Any CPU.ActiveCfg = Debug|Any CPU
		{3D8EACFC-9229-4D02-A614-CCCB4196BC4F}.Debug|Any CPU.Build.0 = Debug|Any CPU
		{3D8EACFC-9229-4D02-A614-CCCB4196BC4F}.Release|Any CPU.ActiveCfg = Release|Any CPU
		{3D8EACFC-9229-4D02-A614-CCCB4196BC4F}.Release|Any CPU.Build.0 = Release|Any CPU
	EndGlobalSection
	GlobalSection(SolutionProperties) = preSolution
		HideSolutionNode = FALSE
	EndGlobalSection
	GlobalSection(ExtensibilityGlobals) = postSolution
		SolutionGuid = {F7FA0809-9095-41FF-90D6-25634452C099}
	EndGlobalSection
EndGlobal
